
Microsoft Visual Studio Solution File, Format Version 12.00
# Visual Studio Version 17
VisualStudioVersion = 17.3.32929.385
MinimumVisualStudioVersion = 10.0.40219.1
Project("{FAE04EC0-301F-11D3-BF4B-00C04F79EFBC}") = "DesignPatternsLab", "DesignPatternsLab.csproj", "{193792D7-096D-4F8D-847F-7BB7D8EBDA74}"
EndProject
Global
	GlobalSection(SolutionConfigurationPlatforms) = preSolution
		Debug|Any CPU = Debug|Any CPU
		Release|Any CPU = Release|Any CPU
	EndGlobalSection
	GlobalSection(ProjectConfigurationPlatforms) = postSolution
		{193792D7-096D-4F8D-847F-7BB7D8EBDA74}.Debug|Any CPU.ActiveCfg = Debug|Any CPU
		{193792D7-096D-4F8D-847F-7BB7D8EBDA74}.Debug|Any CPU.Build.0 = Debug|Any CPU
		{193792D7-096D-4F8D-847F-7BB7D8EBDA74}.Release|Any CPU.ActiveCfg = Release|Any CPU
		{193792D7-096D-4F8D-847F-7BB7D8EBDA74}.Release|Any CPU.Build.0 = Release|Any CPU
	EndGlobalSection
	GlobalSection(SolutionProperties) = preSolution
		HideSolutionNode = FALSE
	EndGlobalSection
	GlobalSection(ExtensibilityGlobals) = postSolution
		SolutionGuid = {7AB3ADDD-ED61-4D77-A822-5717F19634B3}
	EndGlobalSection
EndGlobal
